// !$*UTF8*$!
{
	archiveVersion = 1;
	classes = {
	};
	objectVersion = 46;
	objects = {

/* Begin PBXBuildFile section */
		614A6D4403BBD4E7CC0CC894 /* Pods_Box.framework in Frameworks */ = {isa = PBXBuildFile; fileRef = 376FEB65267275206D59502A /* Pods_Box.framework */; };
		6E22A1771C74054C00710A56 /* Spotify.framework in Frameworks */ = {isa = PBXBuildFile; fileRef = 6E22A1761C74054C00710A56 /* Spotify.framework */; };
		6E22A1791C74076200710A56 /* AVFoundation.framework in Frameworks */ = {isa = PBXBuildFile; fileRef = 6E22A1781C74076200710A56 /* AVFoundation.framework */; };
		6E22A17B1C74078D00710A56 /* SystemConfiguration.framework in Frameworks */ = {isa = PBXBuildFile; fileRef = 6E22A17A1C74078D00710A56 /* SystemConfiguration.framework */; };
		6E22A17D1C74DFDE00710A56 /* SpotifyViewController.swift in Sources */ = {isa = PBXBuildFile; fileRef = 6E22A17C1C74DFDE00710A56 /* SpotifyViewController.swift */; };
		6E2FBD1D1C3F9DA40042877B /* PaddingLabel.swift in Sources */ = {isa = PBXBuildFile; fileRef = 6E2FBD1C1C3F9DA40042877B /* PaddingLabel.swift */; };
		6E2FBD1F1C434F7B0042877B /* RecordAudioViewController.swift in Sources */ = {isa = PBXBuildFile; fileRef = 6E2FBD1E1C434F7B0042877B /* RecordAudioViewController.swift */; };
		6E3A0B4B1C35DEBA0013E7C3 /* AppDelegate.swift in Sources */ = {isa = PBXBuildFile; fileRef = 6E3A0B4A1C35DEBA0013E7C3 /* AppDelegate.swift */; };
		6E3A0B4D1C35DEBA0013E7C3 /* ViewController.swift in Sources */ = {isa = PBXBuildFile; fileRef = 6E3A0B4C1C35DEBA0013E7C3 /* ViewController.swift */; };
		6E3A0B501C35DEBA0013E7C3 /* Main.storyboard in Resources */ = {isa = PBXBuildFile; fileRef = 6E3A0B4E1C35DEBA0013E7C3 /* Main.storyboard */; };
		6E3A0B521C35DEBA0013E7C3 /* Assets.xcassets in Resources */ = {isa = PBXBuildFile; fileRef = 6E3A0B511C35DEBA0013E7C3 /* Assets.xcassets */; };
		6E3A0B551C35DEBA0013E7C3 /* LaunchScreen.storyboard in Resources */ = {isa = PBXBuildFile; fileRef = 6E3A0B531C35DEBA0013E7C3 /* LaunchScreen.storyboard */; };
		6E3A0B601C35DEBB0013E7C3 /* BoxTests.swift in Sources */ = {isa = PBXBuildFile; fileRef = 6E3A0B5F1C35DEBB0013E7C3 /* BoxTests.swift */; };
		6E3A0B6C1C39E63D0013E7C3 /* Voices.plist in Resources */ = {isa = PBXBuildFile; fileRef = 6E3A0B6B1C39E63D0013E7C3 /* Voices.plist */; };
		6E3A0B6F1C3A05D20013E7C3 /* Voice.swift in Sources */ = {isa = PBXBuildFile; fileRef = 6E3A0B6E1C3A05D20013E7C3 /* Voice.swift */; };
		6E592BF91C3CA91500174B40 /* NoteViewController.swift in Sources */ = {isa = PBXBuildFile; fileRef = 6E592BF81C3CA91500174B40 /* NoteViewController.swift */; };
		6EF5AD971C44E05000CD875B /* BoxUtitlity.swift in Sources */ = {isa = PBXBuildFile; fileRef = 6EF5AD961C44E05000CD875B /* BoxUtitlity.swift */; };
		6EF723121C3A535300CEF7D8 /* VoiceCollectionViewCell.swift in Sources */ = {isa = PBXBuildFile; fileRef = 6EF723111C3A535300CEF7D8 /* VoiceCollectionViewCell.swift */; };
		6EF723141C3A541C00CEF7D8 /* CardView.swift in Sources */ = {isa = PBXBuildFile; fileRef = 6EF723131C3A541C00CEF7D8 /* CardView.swift */; };
		6EF723171C3B5E8500CEF7D8 /* VoiceLayout.swift in Sources */ = {isa = PBXBuildFile; fileRef = 6EF723161C3B5E8500CEF7D8 /* VoiceLayout.swift */; };
/* End PBXBuildFile section */

/* Begin PBXContainerItemProxy section */
		6E3A0B5C1C35DEBA0013E7C3 /* PBXContainerItemProxy */ = {
			isa = PBXContainerItemProxy;
			containerPortal = 6E3A0B3F1C35DEBA0013E7C3 /* Project object */;
			proxyType = 1;
			remoteGlobalIDString = 6E3A0B461C35DEBA0013E7C3;
			remoteInfo = Box;
		};
/* End PBXContainerItemProxy section */

/* Begin PBXFileReference section */
		0FCE1E181B742C865DE58F74 /* Pods-Box.debug.xcconfig */ = {isa = PBXFileReference; includeInIndex = 1; lastKnownFileType = text.xcconfig; name = "Pods-Box.debug.xcconfig"; path = "Pods/Target Support Files/Pods-Box/Pods-Box.debug.xcconfig"; sourceTree = "<group>"; };
		376FEB65267275206D59502A /* Pods_Box.framework */ = {isa = PBXFileReference; explicitFileType = wrapper.framework; includeInIndex = 0; path = Pods_Box.framework; sourceTree = BUILT_PRODUCTS_DIR; };
		489C3E22827A528935D827EF /* Pods-Box.release.xcconfig */ = {isa = PBXFileReference; includeInIndex = 1; lastKnownFileType = text.xcconfig; name = "Pods-Box.release.xcconfig"; path = "Pods/Target Support Files/Pods-Box/Pods-Box.release.xcconfig"; sourceTree = "<group>"; };
		6E22A1761C74054C00710A56 /* Spotify.framework */ = {isa = PBXFileReference; lastKnownFileType = wrapper.framework; name = Spotify.framework; path = Pods/Spotify/Spotify.framework; sourceTree = "<group>"; };
		6E22A1781C74076200710A56 /* AVFoundation.framework */ = {isa = PBXFileReference; lastKnownFileType = wrapper.framework; name = AVFoundation.framework; path = System/Library/Frameworks/AVFoundation.framework; sourceTree = SDKROOT; };
		6E22A17A1C74078D00710A56 /* SystemConfiguration.framework */ = {isa = PBXFileReference; lastKnownFileType = wrapper.framework; name = SystemConfiguration.framework; path = System/Library/Frameworks/SystemConfiguration.framework; sourceTree = SDKROOT; };
		6E22A17C1C74DFDE00710A56 /* SpotifyViewController.swift */ = {isa = PBXFileReference; fileEncoding = 4; lastKnownFileType = sourcecode.swift; path = SpotifyViewController.swift; sourceTree = "<group>"; };
		6E2FBD1C1C3F9DA40042877B /* PaddingLabel.swift */ = {isa = PBXFileReference; fileEncoding = 4; lastKnownFileType = sourcecode.swift; path = PaddingLabel.swift; sourceTree = "<group>"; };
		6E2FBD1E1C434F7B0042877B /* RecordAudioViewController.swift */ = {isa = PBXFileReference; fileEncoding = 4; lastKnownFileType = sourcecode.swift; path = RecordAudioViewController.swift; sourceTree = "<group>"; };
		6E3A0B471C35DEBA0013E7C3 /* Box.app */ = {isa = PBXFileReference; explicitFileType = wrapper.application; includeInIndex = 0; path = Box.app; sourceTree = BUILT_PRODUCTS_DIR; };
		6E3A0B4A1C35DEBA0013E7C3 /* AppDelegate.swift */ = {isa = PBXFileReference; lastKnownFileType = sourcecode.swift; path = AppDelegate.swift; sourceTree = "<group>"; };
		6E3A0B4C1C35DEBA0013E7C3 /* ViewController.swift */ = {isa = PBXFileReference; lastKnownFileType = sourcecode.swift; path = ViewController.swift; sourceTree = "<group>"; };
		6E3A0B4F1C35DEBA0013E7C3 /* Base */ = {isa = PBXFileReference; lastKnownFileType = file.storyboard; name = Base; path = Base.lproj/Main.storyboard; sourceTree = "<group>"; };
		6E3A0B511C35DEBA0013E7C3 /* Assets.xcassets */ = {isa = PBXFileReference; lastKnownFileType = folder.assetcatalog; path = Assets.xcassets; sourceTree = "<group>"; };
		6E3A0B541C35DEBA0013E7C3 /* Base */ = {isa = PBXFileReference; lastKnownFileType = file.storyboard; name = Base; path = Base.lproj/LaunchScreen.storyboard; sourceTree = "<group>"; };
		6E3A0B561C35DEBA0013E7C3 /* Info.plist */ = {isa = PBXFileReference; lastKnownFileType = text.plist.xml; path = Info.plist; sourceTree = "<group>"; };
		6E3A0B5B1C35DEBA0013E7C3 /* BoxTests.xctest */ = {isa = PBXFileReference; explicitFileType = wrapper.cfbundle; includeInIndex = 0; path = BoxTests.xctest; sourceTree = BUILT_PRODUCTS_DIR; };
		6E3A0B5F1C35DEBB0013E7C3 /* BoxTests.swift */ = {isa = PBXFileReference; lastKnownFileType = sourcecode.swift; path = BoxTests.swift; sourceTree = "<group>"; };
		6E3A0B611C35DEBB0013E7C3 /* Info.plist */ = {isa = PBXFileReference; lastKnownFileType = text.plist.xml; path = Info.plist; sourceTree = "<group>"; };
		6E3A0B6B1C39E63D0013E7C3 /* Voices.plist */ = {isa = PBXFileReference; fileEncoding = 4; lastKnownFileType = text.plist.xml; path = Voices.plist; sourceTree = "<group>"; };
		6E3A0B6E1C3A05D20013E7C3 /* Voice.swift */ = {isa = PBXFileReference; fileEncoding = 4; lastKnownFileType = sourcecode.swift; path = Voice.swift; sourceTree = "<group>"; };
		6E592BF81C3CA91500174B40 /* NoteViewController.swift */ = {isa = PBXFileReference; fileEncoding = 4; lastKnownFileType = sourcecode.swift; path = NoteViewController.swift; sourceTree = "<group>"; };
		6E62DE7F1C54B7AE00F14ACD /* Box-Bridging-Header.h */ = {isa = PBXFileReference; lastKnownFileType = sourcecode.c.h; path = "Box-Bridging-Header.h"; sourceTree = "<group>"; };
		6EF5AD961C44E05000CD875B /* BoxUtitlity.swift */ = {isa = PBXFileReference; fileEncoding = 4; lastKnownFileType = sourcecode.swift; path = BoxUtitlity.swift; sourceTree = "<group>"; };
		6EF723111C3A535300CEF7D8 /* VoiceCollectionViewCell.swift */ = {isa = PBXFileReference; fileEncoding = 4; lastKnownFileType = sourcecode.swift; path = VoiceCollectionViewCell.swift; sourceTree = "<group>"; };
		6EF723131C3A541C00CEF7D8 /* CardView.swift */ = {isa = PBXFileReference; fileEncoding = 4; lastKnownFileType = sourcecode.swift; path = CardView.swift; sourceTree = "<group>"; };
		6EF723161C3B5E8500CEF7D8 /* VoiceLayout.swift */ = {isa = PBXFileReference; fileEncoding = 4; lastKnownFileType = sourcecode.swift; path = VoiceLayout.swift; sourceTree = "<group>"; };
/* End PBXFileReference section */

/* Begin PBXFrameworksBuildPhase section */
		6E3A0B441C35DEBA0013E7C3 /* Frameworks */ = {
			isa = PBXFrameworksBuildPhase;
			buildActionMask = 2147483647;
			files = (
				6E22A17B1C74078D00710A56 /* SystemConfiguration.framework in Frameworks */,
				6E22A1791C74076200710A56 /* AVFoundation.framework in Frameworks */,
				614A6D4403BBD4E7CC0CC894 /* Pods_Box.framework in Frameworks */,
				6E22A1771C74054C00710A56 /* Spotify.framework in Frameworks */,
			);
			runOnlyForDeploymentPostprocessing = 0;
		};
		6E3A0B581C35DEBA0013E7C3 /* Frameworks */ = {
			isa = PBXFrameworksBuildPhase;
			buildActionMask = 2147483647;
			files = (
			);
			runOnlyForDeploymentPostprocessing = 0;
		};
/* End PBXFrameworksBuildPhase section */

/* Begin PBXGroup section */
		0D7E998162FF8E7BAF632F4C /* Pods */ = {
			isa = PBXGroup;
			children = (
				0FCE1E181B742C865DE58F74 /* Pods-Box.debug.xcconfig */,
				489C3E22827A528935D827EF /* Pods-Box.release.xcconfig */,
			);
			name = Pods;
			sourceTree = "<group>";
		};
		6E3A0B3E1C35DEBA0013E7C3 = {
			isa = PBXGroup;
			children = (
				6E3A0B491C35DEBA0013E7C3 /* Box */,
				6E3A0B5E1C35DEBA0013E7C3 /* BoxTests */,
				6E3A0B481C35DEBA0013E7C3 /* Products */,
				0D7E998162FF8E7BAF632F4C /* Pods */,
				C048DD6D8980D0CD9604AA7D /* Frameworks */,
			);
			sourceTree = "<group>";
		};
		6E3A0B481C35DEBA0013E7C3 /* Products */ = {
			isa = PBXGroup;
			children = (
				6E3A0B471C35DEBA0013E7C3 /* Box.app */,
				6E3A0B5B1C35DEBA0013E7C3 /* BoxTests.xctest */,
			);
			name = Products;
			sourceTree = "<group>";
		};
		6E3A0B491C35DEBA0013E7C3 /* Box */ = {
			isa = PBXGroup;
			children = (
				6EF5AD951C44DFFC00CD875B /* Utility */,
				6E592BFA1C3CACBF00174B40 /* Storyboards and Xibs */,
				6E592BF71C3CA8E600174B40 /* Controllers */,
				6EF723151C3B5E5800CEF7D8 /* Layouts */,
				6EF723101C3A52DB00CEF7D8 /* Views */,
				6E3A0B6D1C3A05AF0013E7C3 /* Model */,
				6E3A0B6A1C39E5CB0013E7C3 /* Assets */,
				6E3A0B4A1C35DEBA0013E7C3 /* AppDelegate.swift */,
				6E3A0B561C35DEBA0013E7C3 /* Info.plist */,
				6E62DE7F1C54B7AE00F14ACD /* Box-Bridging-Header.h */,
			);
			path = Box;
			sourceTree = "<group>";
		};
		6E3A0B5E1C35DEBA0013E7C3 /* BoxTests */ = {
			isa = PBXGroup;
			children = (
				6E3A0B5F1C35DEBB0013E7C3 /* BoxTests.swift */,
				6E3A0B611C35DEBB0013E7C3 /* Info.plist */,
			);
			path = BoxTests;
			sourceTree = "<group>";
		};
		6E3A0B6A1C39E5CB0013E7C3 /* Assets */ = {
			isa = PBXGroup;
			children = (
				6E3A0B511C35DEBA0013E7C3 /* Assets.xcassets */,
				6E3A0B6B1C39E63D0013E7C3 /* Voices.plist */,
			);
			name = Assets;
			sourceTree = "<group>";
		};
		6E3A0B6D1C3A05AF0013E7C3 /* Model */ = {
			isa = PBXGroup;
			children = (
				6E3A0B6E1C3A05D20013E7C3 /* Voice.swift */,
			);
			name = Model;
			sourceTree = "<group>";
		};
		6E592BF71C3CA8E600174B40 /* Controllers */ = {
			isa = PBXGroup;
			children = (
				6E3A0B4C1C35DEBA0013E7C3 /* ViewController.swift */,
				6E592BF81C3CA91500174B40 /* NoteViewController.swift */,
				6E2FBD1E1C434F7B0042877B /* RecordAudioViewController.swift */,
				6E22A17C1C74DFDE00710A56 /* SpotifyViewController.swift */,
			);
			name = Controllers;
			sourceTree = "<group>";
		};
		6E592BFA1C3CACBF00174B40 /* Storyboards and Xibs */ = {
			isa = PBXGroup;
			children = (
				6E3A0B4E1C35DEBA0013E7C3 /* Main.storyboard */,
				6E3A0B531C35DEBA0013E7C3 /* LaunchScreen.storyboard */,
			);
			name = "Storyboards and Xibs";
			sourceTree = "<group>";
		};
		6EF5AD951C44DFFC00CD875B /* Utility */ = {
			isa = PBXGroup;
			children = (
				6EF5AD961C44E05000CD875B /* BoxUtitlity.swift */,
			);
			name = Utility;
			sourceTree = "<group>";
		};
		6EF723101C3A52DB00CEF7D8 /* Views */ = {
			isa = PBXGroup;
			children = (
				6EF723111C3A535300CEF7D8 /* VoiceCollectionViewCell.swift */,
				6EF723131C3A541C00CEF7D8 /* CardView.swift */,
				6E2FBD1C1C3F9DA40042877B /* PaddingLabel.swift */,
			);
			name = Views;
			sourceTree = "<group>";
		};
		6EF723151C3B5E5800CEF7D8 /* Layouts */ = {
			isa = PBXGroup;
			children = (
				6EF723161C3B5E8500CEF7D8 /* VoiceLayout.swift */,
			);
			name = Layouts;
			sourceTree = "<group>";
		};
		C048DD6D8980D0CD9604AA7D /* Frameworks */ = {
			isa = PBXGroup;
			children = (
				6E22A17A1C74078D00710A56 /* SystemConfiguration.framework */,
				6E22A1781C74076200710A56 /* AVFoundation.framework */,
				6E22A1761C74054C00710A56 /* Spotify.framework */,
				376FEB65267275206D59502A /* Pods_Box.framework */,
			);
			name = Frameworks;
			sourceTree = "<group>";
		};
/* End PBXGroup section */

/* Begin PBXNativeTarget section */
		6E3A0B461C35DEBA0013E7C3 /* Box */ = {
			isa = PBXNativeTarget;
			buildConfigurationList = 6E3A0B641C35DEBB0013E7C3 /* Build configuration list for PBXNativeTarget "Box" */;
			buildPhases = (
				E85B3A7629E6DAB0C5A0A40B /* Check Pods Manifest.lock */,
				6E3A0B431C35DEBA0013E7C3 /* Sources */,
				6E3A0B441C35DEBA0013E7C3 /* Frameworks */,
				6E3A0B451C35DEBA0013E7C3 /* Resources */,
				9C1C53032D1A34A03CF91418 /* Embed Pods Frameworks */,
				872CDB09C8D551C1E408B200 /* Copy Pods Resources */,
			);
			buildRules = (
			);
			dependencies = (
			);
			name = Box;
			productName = Box;
			productReference = 6E3A0B471C35DEBA0013E7C3 /* Box.app */;
			productType = "com.apple.product-type.application";
		};
		6E3A0B5A1C35DEBA0013E7C3 /* BoxTests */ = {
			isa = PBXNativeTarget;
			buildConfigurationList = 6E3A0B671C35DEBB0013E7C3 /* Build configuration list for PBXNativeTarget "BoxTests" */;
			buildPhases = (
				6E3A0B571C35DEBA0013E7C3 /* Sources */,
				6E3A0B581C35DEBA0013E7C3 /* Frameworks */,
				6E3A0B591C35DEBA0013E7C3 /* Resources */,
			);
			buildRules = (
			);
			dependencies = (
				6E3A0B5D1C35DEBA0013E7C3 /* PBXTargetDependency */,
			);
			name = BoxTests;
			productName = BoxTests;
			productReference = 6E3A0B5B1C35DEBA0013E7C3 /* BoxTests.xctest */;
			productType = "com.apple.product-type.bundle.unit-test";
		};
/* End PBXNativeTarget section */

/* Begin PBXProject section */
		6E3A0B3F1C35DEBA0013E7C3 /* Project object */ = {
			isa = PBXProject;
			attributes = {
				LastSwiftUpdateCheck = 0720;
				LastUpgradeCheck = 0720;
				ORGANIZATIONNAME = "Itua Ijagbone";
				TargetAttributes = {
					6E3A0B461C35DEBA0013E7C3 = {
						CreatedOnToolsVersion = 7.2;
						DevelopmentTeam = YM72WVJHNL;
					};
					6E3A0B5A1C35DEBA0013E7C3 = {
						CreatedOnToolsVersion = 7.2;
						TestTargetID = 6E3A0B461C35DEBA0013E7C3;
					};
				};
			};
			buildConfigurationList = 6E3A0B421C35DEBA0013E7C3 /* Build configuration list for PBXProject "Box" */;
			compatibilityVersion = "Xcode 3.2";
			developmentRegion = English;
			hasScannedForEncodings = 0;
			knownRegions = (
				en,
				Base,
			);
			mainGroup = 6E3A0B3E1C35DEBA0013E7C3;
			productRefGroup = 6E3A0B481C35DEBA0013E7C3 /* Products */;
			projectDirPath = "";
			projectRoot = "";
			targets = (
				6E3A0B461C35DEBA0013E7C3 /* Box */,
				6E3A0B5A1C35DEBA0013E7C3 /* BoxTests */,
			);
		};
/* End PBXProject section */

/* Begin PBXResourcesBuildPhase section */
		6E3A0B451C35DEBA0013E7C3 /* Resources */ = {
			isa = PBXResourcesBuildPhase;
			buildActionMask = 2147483647;
			files = (
				6E3A0B551C35DEBA0013E7C3 /* LaunchScreen.storyboard in Resources */,
				6E3A0B521C35DEBA0013E7C3 /* Assets.xcassets in Resources */,
				6E3A0B501C35DEBA0013E7C3 /* Main.storyboard in Resources */,
				6E3A0B6C1C39E63D0013E7C3 /* Voices.plist in Resources */,
			);
			runOnlyForDeploymentPostprocessing = 0;
		};
		6E3A0B591C35DEBA0013E7C3 /* Resources */ = {
			isa = PBXResourcesBuildPhase;
			buildActionMask = 2147483647;
			files = (
			);
			runOnlyForDeploymentPostprocessing = 0;
		};
/* End PBXResourcesBuildPhase section */

/* Begin PBXShellScriptBuildPhase section */
		872CDB09C8D551C1E408B200 /* Copy Pods Resources */ = {
			isa = PBXShellScriptBuildPhase;
			buildActionMask = 2147483647;
			files = (
			);
			inputPaths = (
			);
			name = "Copy Pods Resources";
			outputPaths = (
			);
			runOnlyForDeploymentPostprocessing = 0;
			shellPath = /bin/sh;
			shellScript = "\"${SRCROOT}/Pods/Target Support Files/Pods-Box/Pods-Box-resources.sh\"\n";
			showEnvVarsInLog = 0;
		};
		9C1C53032D1A34A03CF91418 /* Embed Pods Frameworks */ = {
			isa = PBXShellScriptBuildPhase;
			buildActionMask = 2147483647;
			files = (
			);
			inputPaths = (
			);
			name = "Embed Pods Frameworks";
			outputPaths = (
			);
			runOnlyForDeploymentPostprocessing = 0;
			shellPath = /bin/sh;
			shellScript = "\"${SRCROOT}/Pods/Target Support Files/Pods-Box/Pods-Box-frameworks.sh\"\n";
			showEnvVarsInLog = 0;
		};
		E85B3A7629E6DAB0C5A0A40B /* Check Pods Manifest.lock */ = {
			isa = PBXShellScriptBuildPhase;
			buildActionMask = 2147483647;
			files = (
			);
			inputPaths = (
			);
			name = "Check Pods Manifest.lock";
			outputPaths = (
			);
			runOnlyForDeploymentPostprocessing = 0;
			shellPath = /bin/sh;
			shellScript = "diff \"${PODS_ROOT}/../Podfile.lock\" \"${PODS_ROOT}/Manifest.lock\" > /dev/null\nif [[ $? != 0 ]] ; then\n    cat << EOM\nerror: The sandbox is not in sync with the Podfile.lock. Run 'pod install' or update your CocoaPods installation.\nEOM\n    exit 1\nfi\n";
			showEnvVarsInLog = 0;
		};
/* End PBXShellScriptBuildPhase section */

/* Begin PBXSourcesBuildPhase section */
		6E3A0B431C35DEBA0013E7C3 /* Sources */ = {
			isa = PBXSourcesBuildPhase;
			buildActionMask = 2147483647;
			files = (
				6E592BF91C3CA91500174B40 /* NoteViewController.swift in Sources */,
				6EF723171C3B5E8500CEF7D8 /* VoiceLayout.swift in Sources */,
				6E22A17D1C74DFDE00710A56 /* SpotifyViewController.swift in Sources */,
				6E3A0B4D1C35DEBA0013E7C3 /* ViewController.swift in Sources */,
				6EF723121C3A535300CEF7D8 /* VoiceCollectionViewCell.swift in Sources */,
				6E2FBD1D1C3F9DA40042877B /* PaddingLabel.swift in Sources */,
				6E3A0B6F1C3A05D20013E7C3 /* Voice.swift in Sources */,
				6E2FBD1F1C434F7B0042877B /* RecordAudioViewController.swift in Sources */,
				6E3A0B4B1C35DEBA0013E7C3 /* AppDelegate.swift in Sources */,
				6EF723141C3A541C00CEF7D8 /* CardView.swift in Sources */,
				6EF5AD971C44E05000CD875B /* BoxUtitlity.swift in Sources */,
			);
			runOnlyForDeploymentPostprocessing = 0;
		};
		6E3A0B571C35DEBA0013E7C3 /* Sources */ = {
			isa = PBXSourcesBuildPhase;
			buildActionMask = 2147483647;
			files = (
				6E3A0B601C35DEBB0013E7C3 /* BoxTests.swift in Sources */,
			);
			runOnlyForDeploymentPostprocessing = 0;
		};
/* End PBXSourcesBuildPhase section */

/* Begin PBXTargetDependency section */
		6E3A0B5D1C35DEBA0013E7C3 /* PBXTargetDependency */ = {
			isa = PBXTargetDependency;
			target = 6E3A0B461C35DEBA0013E7C3 /* Box */;
			targetProxy = 6E3A0B5C1C35DEBA0013E7C3 /* PBXContainerItemProxy */;
		};
/* End PBXTargetDependency section */

/* Begin PBXVariantGroup section */
		6E3A0B4E1C35DEBA0013E7C3 /* Main.storyboard */ = {
			isa = PBXVariantGroup;
			children = (
				6E3A0B4F1C35DEBA0013E7C3 /* Base */,
			);
			name = Main.storyboard;
			sourceTree = "<group>";
		};
		6E3A0B531C35DEBA0013E7C3 /* LaunchScreen.storyboard */ = {
			isa = PBXVariantGroup;
			children = (
				6E3A0B541C35DEBA0013E7C3 /* Base */,
			);
			name = LaunchScreen.storyboard;
			sourceTree = "<group>";
		};
/* End PBXVariantGroup section */

/* Begin XCBuildConfiguration section */
		6E3A0B621C35DEBB0013E7C3 /* Debug */ = {
			isa = XCBuildConfiguration;
			buildSettings = {
				ALWAYS_SEARCH_USER_PATHS = NO;
				CLANG_CXX_LANGUAGE_STANDARD = "gnu++0x";
				CLANG_CXX_LIBRARY = "libc++";
				CLANG_ENABLE_MODULES = YES;
				CLANG_ENABLE_OBJC_ARC = YES;
				CLANG_WARN_BOOL_CONVERSION = YES;
				CLANG_WARN_CONSTANT_CONVERSION = YES;
				CLANG_WARN_DIRECT_OBJC_ISA_USAGE = YES_ERROR;
				CLANG_WARN_EMPTY_BODY = YES;
				CLANG_WARN_ENUM_CONVERSION = YES;
				CLANG_WARN_INT_CONVERSION = YES;
				CLANG_WARN_OBJC_ROOT_CLASS = YES_ERROR;
				CLANG_WARN_UNREACHABLE_CODE = YES;
				CLANG_WARN__DUPLICATE_METHOD_MATCH = YES;
				"CODE_SIGN_IDENTITY[sdk=iphoneos*]" = "iPhone Developer";
				COPY_PHASE_STRIP = NO;
				DEBUG_INFORMATION_FORMAT = dwarf;
				ENABLE_STRICT_OBJC_MSGSEND = YES;
				ENABLE_TESTABILITY = YES;
				GCC_C_LANGUAGE_STANDARD = gnu99;
				GCC_DYNAMIC_NO_PIC = NO;
				GCC_NO_COMMON_BLOCKS = YES;
				GCC_OPTIMIZATION_LEVEL = 0;
				GCC_PREPROCESSOR_DEFINITIONS = (
					"DEBUG=1",
					"$(inherited)",
				);
				GCC_WARN_64_TO_32_BIT_CONVERSION = YES;
				GCC_WARN_ABOUT_RETURN_TYPE = YES_ERROR;
				GCC_WARN_UNDECLARED_SELECTOR = YES;
				GCC_WARN_UNINITIALIZED_AUTOS = YES_AGGRESSIVE;
				GCC_WARN_UNUSED_FUNCTION = YES;
				GCC_WARN_UNUSED_VARIABLE = YES;
				IPHONEOS_DEPLOYMENT_TARGET = 9.2;
				MTL_ENABLE_DEBUG_INFO = YES;
				ONLY_ACTIVE_ARCH = YES;
				SDKROOT = iphoneos;
				SWIFT_OPTIMIZATION_LEVEL = "-Onone";
			};
			name = Debug;
		};
		6E3A0B631C35DEBB0013E7C3 /* Release */ = {
			isa = XCBuildConfiguration;
			buildSettings = {
				ALWAYS_SEARCH_USER_PATHS = NO;
				CLANG_CXX_LANGUAGE_STANDARD = "gnu++0x";
				CLANG_CXX_LIBRARY = "libc++";
				CLANG_ENABLE_MODULES = YES;
				CLANG_ENABLE_OBJC_ARC = YES;
				CLANG_WARN_BOOL_CONVERSION = YES;
				CLANG_WARN_CONSTANT_CONVERSION = YES;
				CLANG_WARN_DIRECT_OBJC_ISA_USAGE = YES_ERROR;
				CLANG_WARN_EMPTY_BODY = YES;
				CLANG_WARN_ENUM_CONVERSION = YES;
				CLANG_WARN_INT_CONVERSION = YES;
				CLANG_WARN_OBJC_ROOT_CLASS = YES_ERROR;
				CLANG_WARN_UNREACHABLE_CODE = YES;
				CLANG_WARN__DUPLICATE_METHOD_MATCH = YES;
				"CODE_SIGN_IDENTITY[sdk=iphoneos*]" = "iPhone Developer";
				COPY_PHASE_STRIP = NO;
				DEBUG_INFORMATION_FORMAT = "dwarf-with-dsym";
				ENABLE_NS_ASSERTIONS = NO;
				ENABLE_STRICT_OBJC_MSGSEND = YES;
				GCC_C_LANGUAGE_STANDARD = gnu99;
				GCC_NO_COMMON_BLOCKS = YES;
				GCC_WARN_64_TO_32_BIT_CONVERSION = YES;
				GCC_WARN_ABOUT_RETURN_TYPE = YES_ERROR;
				GCC_WARN_UNDECLARED_SELECTOR = YES;
				GCC_WARN_UNINITIALIZED_AUTOS = YES_AGGRESSIVE;
				GCC_WARN_UNUSED_FUNCTION = YES;
				GCC_WARN_UNUSED_VARIABLE = YES;
				IPHONEOS_DEPLOYMENT_TARGET = 9.2;
				MTL_ENABLE_DEBUG_INFO = NO;
				SDKROOT = iphoneos;
				VALIDATE_PRODUCT = YES;
			};
			name = Release;
		};
		6E3A0B651C35DEBB0013E7C3 /* Debug */ = {
			isa = XCBuildConfiguration;
			baseConfigurationReference = 0FCE1E181B742C865DE58F74 /* Pods-Box.debug.xcconfig */;
			buildSettings = {
				ASSETCATALOG_COMPILER_APPICON_NAME = AppIcon;
				CLANG_ENABLE_MODULES = YES;
				CODE_SIGN_IDENTITY = "iPhone Developer";
				FRAMEWORK_SEARCH_PATHS = (
					"$(inherited)",
					"$(PROJECT_DIR)/Pods/Spotify",
				);
				INFOPLIST_FILE = Box/Info.plist;
				LD_RUNPATH_SEARCH_PATHS = "$(inherited) @executable_path/Frameworks";
				OTHER_LDFLAGS = (
					"$(inherited)",
					"-framework",
					"\"Alamofire\"",
					"-framework",
					"\"Bolts\"",
					"-framework",
					"\"Parse\"",
					"-framework",
					"\"SwiftyJSON\"",
					"-ObjC",
				);
				PRODUCT_BUNDLE_IDENTIFIER = com.ituaijagbone.Box;
				PRODUCT_NAME = "$(TARGET_NAME)";
				SWIFT_OBJC_BRIDGING_HEADER = "Box/Box-Bridging-Header.h";
				SWIFT_OPTIMIZATION_LEVEL = "-Onone";
			};
			name = Debug;
		};
		6E3A0B661C35DEBB0013E7C3 /* Release */ = {
			isa = XCBuildConfiguration;
			baseConfigurationReference = 489C3E22827A528935D827EF /* Pods-Box.release.xcconfig */;
			buildSettings = {
				ASSETCATALOG_COMPILER_APPICON_NAME = AppIcon;
				CLANG_ENABLE_MODULES = YES;
				CODE_SIGN_IDENTITY = "iPhone Developer";
				FRAMEWORK_SEARCH_PATHS = (
					"$(inherited)",
					"$(PROJECT_DIR)/Pods/Spotify",
				);
				INFOPLIST_FILE = Box/Info.plist;
				LD_RUNPATH_SEARCH_PATHS = "$(inherited) @executable_path/Frameworks";
				OTHER_LDFLAGS = (
					"$(inherited)",
					"-framework",
					"\"Alamofire\"",
					"-framework",
					"\"Bolts\"",
					"-framework",
					"\"Parse\"",
					"-framework",
					"\"SwiftyJSON\"",
					"-ObjC",
				);
				PRODUCT_BUNDLE_IDENTIFIER = com.ituaijagbone.Box;
				PRODUCT_NAME = "$(TARGET_NAME)";
				SWIFT_OBJC_BRIDGING_HEADER = "Box/Box-Bridging-Header.h";
			};
			name = Release;
		};
		6E3A0B681C35DEBB0013E7C3 /* Debug */ = {
			isa = XCBuildConfiguration;
			buildSettings = {
				BUNDLE_LOADER = "$(TEST_HOST)";
				INFOPLIST_FILE = BoxTests/Info.plist;
				LD_RUNPATH_SEARCH_PATHS = "$(inherited) @executable_path/Frameworks @loader_path/Frameworks";
				PRODUCT_BUNDLE_IDENTIFIER = com.ituaijagbone.BoxTests;
				PRODUCT_NAME = "$(TARGET_NAME)";
				TEST_HOST = "$(BUILT_PRODUCTS_DIR)/Box.app/Box";
			};
			name = Debug;
		};
		6E3A0B691C35DEBB0013E7C3 /* Release */ = {
			isa = XCBuildConfiguration;
			buildSettings = {
				BUNDLE_LOADER = "$(TEST_HOST)";
				INFOPLIST_FILE = BoxTests/Info.plist;
				LD_RUNPATH_SEARCH_PATHS = "$(inherited) @executable_path/Frameworks @loader_path/Frameworks";
				PRODUCT_BUNDLE_IDENTIFIER = com.ituaijagbone.BoxTests;
				PRODUCT_NAME = "$(TARGET_NAME)";
				TEST_HOST = "$(BUILT_PRODUCTS_DIR)/Box.app/Box";
			};
			name = Release;
		};
/* End XCBuildConfiguration section */

/* Begin XCConfigurationList section */
		6E3A0B421C35DEBA0013E7C3 /* Build configuration list for PBXProject "Box" */ = {
			isa = XCConfigurationList;
			buildConfigurations = (
				6E3A0B621C35DEBB0013E7C3 /* Debug */,
				6E3A0B631C35DEBB0013E7C3 /* Release */,
			);
			defaultConfigurationIsVisible = 0;
			defaultConfigurationName = Release;
		};
		6E3A0B641C35DEBB0013E7C3 /* Build configuration list for PBXNativeTarget "Box" */ = {
			isa = XCConfigurationList;
			buildConfigurations = (
				6E3A0B651C35DEBB0013E7C3 /* Debug */,
				6E3A0B661C35DEBB0013E7C3 /* Release */,
			);
			defaultConfigurationIsVisible = 0;
			defaultConfigurationName = Release;
		};
		6E3A0B671C35DEBB0013E7C3 /* Build configuration list for PBXNativeTarget "BoxTests" */ = {
			isa = XCConfigurationList;
			buildConfigurations = (
				6E3A0B681C35DEBB0013E7C3 /* Debug */,
				6E3A0B691C35DEBB0013E7C3 /* Release */,
			);
			defaultConfigurationIsVisible = 0;
			defaultConfigurationName = Release;
		};
/* End XCConfigurationList section */
	};
	rootObject = 6E3A0B3F1C35DEBA0013E7C3 /* Project object */;
}
